{
  "name": "measure-transfer-lambda",
  "lockfileVersion": 3,
  "requires": true,
  "packages": {
    "": {
      "dependencies": {
        "@madie/madie-models": "^1.3.11"
      }
    },
    "node_modules/@madie/madie-models": {
      "version": "1.3.11",
      "resolved": "https://registry.npmjs.org/@madie/madie-models/-/madie-models-1.3.11.tgz",
      "integrity": "sha512-J4QVyMLBh3EqQb0bpc78eUKhXgESdbcdMDlBf3X0gCuytS2bUpU1hWEATldfDk1saj7Cyt4mlaKHb6UZiqm2kA=="
    }
  }
}
